// !$*UTF8*$!
{
	archiveVersion = 1;
	classes = {
	};
	objectVersion = 46;
	objects = {

/* Begin PBXBuildFile section */
		2428D82319C3F2D7006CD026 /* Foundation.framework in Frameworks */ = {isa = PBXBuildFile; fileRef = 2428D82219C3F2D7006CD026 /* Foundation.framework */; };
		2428D82519C3F2D7006CD026 /* CoreGraphics.framework in Frameworks */ = {isa = PBXBuildFile; fileRef = 2428D82419C3F2D7006CD026 /* CoreGraphics.framework */; };
		2428D82719C3F2D7006CD026 /* UIKit.framework in Frameworks */ = {isa = PBXBuildFile; fileRef = 2428D82619C3F2D7006CD026 /* UIKit.framework */; };
		2428D82D19C3F2D7006CD026 /* InfoPlist.strings in Resources */ = {isa = PBXBuildFile; fileRef = 2428D82B19C3F2D7006CD026 /* InfoPlist.strings */; };
		2428D82F19C3F2D7006CD026 /* main.m in Sources */ = {isa = PBXBuildFile; fileRef = 2428D82E19C3F2D7006CD026 /* main.m */; };
		2428D83319C3F2D7006CD026 /* AppDelegate.m in Sources */ = {isa = PBXBuildFile; fileRef = 2428D83219C3F2D7006CD026 /* AppDelegate.m */; };
		2428D83519C3F2D7006CD026 /* Images.xcassets in Resources */ = {isa = PBXBuildFile; fileRef = 2428D83419C3F2D7006CD026 /* Images.xcassets */; };
		2428D83C19C3F2D7006CD026 /* XCTest.framework in Frameworks */ = {isa = PBXBuildFile; fileRef = 2428D83B19C3F2D7006CD026 /* XCTest.framework */; };
		2428D83D19C3F2D7006CD026 /* Foundation.framework in Frameworks */ = {isa = PBXBuildFile; fileRef = 2428D82219C3F2D7006CD026 /* Foundation.framework */; };
		2428D83E19C3F2D7006CD026 /* UIKit.framework in Frameworks */ = {isa = PBXBuildFile; fileRef = 2428D82619C3F2D7006CD026 /* UIKit.framework */; };
		2428D84619C3F2D7006CD026 /* InfoPlist.strings in Resources */ = {isa = PBXBuildFile; fileRef = 2428D84419C3F2D7006CD026 /* InfoPlist.strings */; };
		2428D84819C3F2D7006CD026 /* ToDoList_ProjectTests.m in Sources */ = {isa = PBXBuildFile; fileRef = 2428D84719C3F2D7006CD026 /* ToDoList_ProjectTests.m */; };
		2428D85419C3F309006CD026 /* ListTheItemTableViewController.m in Sources */ = {isa = PBXBuildFile; fileRef = 2428D85219C3F309006CD026 /* ListTheItemTableViewController.m */; };
		2428D85519C3F309006CD026 /* ListTheItemTableViewController.xib in Resources */ = {isa = PBXBuildFile; fileRef = 2428D85319C3F309006CD026 /* ListTheItemTableViewController.xib */; };
		2428D85819C3F3D7006CD026 /* Model_ListTheItem.m in Sources */ = {isa = PBXBuildFile; fileRef = 2428D85719C3F3D7006CD026 /* Model_ListTheItem.m */; };
/* End PBXBuildFile section */

/* Begin PBXContainerItemProxy section */
		2428D83F19C3F2D7006CD026 /* PBXContainerItemProxy */ = {
			isa = PBXContainerItemProxy;
			containerPortal = 2428D81719C3F2D7006CD026 /* Project object */;
			proxyType = 1;
			remoteGlobalIDString = 2428D81E19C3F2D7006CD026;
			remoteInfo = ToDoList_Project;
		};
/* End PBXContainerItemProxy section */

/* Begin PBXFileReference section */
		2428D81F19C3F2D7006CD026 /* ToDoList_Project.app */ = {isa = PBXFileReference; explicitFileType = wrapper.application; includeInIndex = 0; path = ToDoList_Project.app; sourceTree = BUILT_PRODUCTS_DIR; };
		2428D82219C3F2D7006CD026 /* Foundation.framework */ = {isa = PBXFileReference; lastKnownFileType = wrapper.framework; name = Foundation.framework; path = System/Library/Frameworks/Foundation.framework; sourceTree = SDKROOT; };
		2428D82419C3F2D7006CD026 /* CoreGraphics.framework */ = {isa = PBXFileReference; lastKnownFileType = wrapper.framework; name = CoreGraphics.framework; path = System/Library/Frameworks/CoreGraphics.framework; sourceTree = SDKROOT; };
		2428D82619C3F2D7006CD026 /* UIKit.framework */ = {isa = PBXFileReference; lastKnownFileType = wrapper.framework; name = UIKit.framework; path = System/Library/Frameworks/UIKit.framework; sourceTree = SDKROOT; };
		2428D82A19C3F2D7006CD026 /* ToDoList_Project-Info.plist */ = {isa = PBXFileReference; lastKnownFileType = text.plist.xml; path = "ToDoList_Project-Info.plist"; sourceTree = "<group>"; };
		2428D82C19C3F2D7006CD026 /* en */ = {isa = PBXFileReference; lastKnownFileType = text.plist.strings; name = en; path = en.lproj/InfoPlist.strings; sourceTree = "<group>"; };
		2428D82E19C3F2D7006CD026 /* main.m */ = {isa = PBXFileReference; lastKnownFileType = sourcecode.c.objc; path = main.m; sourceTree = "<group>"; };
		2428D83019C3F2D7006CD026 /* ToDoList_Project-Prefix.pch */ = {isa = PBXFileReference; lastKnownFileType = sourcecode.c.h; path = "ToDoList_Project-Prefix.pch"; sourceTree = "<group>"; };
		2428D83119C3F2D7006CD026 /* AppDelegate.h */ = {isa = PBXFileReference; lastKnownFileType = sourcecode.c.h; path = AppDelegate.h; sourceTree = "<group>"; };
		2428D83219C3F2D7006CD026 /* AppDelegate.m */ = {isa = PBXFileReference; lastKnownFileType = sourcecode.c.objc; path = AppDelegate.m; sourceTree = "<group>"; };
		2428D83419C3F2D7006CD026 /* Images.xcassets */ = {isa = PBXFileReference; lastKnownFileType = folder.assetcatalog; path = Images.xcassets; sourceTree = "<group>"; };
		2428D83A19C3F2D7006CD026 /* ToDoList_ProjectTests.xctest */ = {isa = PBXFileReference; explicitFileType = wrapper.cfbundle; includeInIndex = 0; path = ToDoList_ProjectTests.xctest; sourceTree = BUILT_PRODUCTS_DIR; };
		2428D83B19C3F2D7006CD026 /* XCTest.framework */ = {isa = PBXFileReference; lastKnownFileType = wrapper.framework; name = XCTest.framework; path = Library/Frameworks/XCTest.framework; sourceTree = DEVELOPER_DIR; };
		2428D84319C3F2D7006CD026 /* ToDoList_ProjectTests-Info.plist */ = {isa = PBXFileReference; lastKnownFileType = text.plist.xml; path = "ToDoList_ProjectTests-Info.plist"; sourceTree = "<group>"; };
		2428D84519C3F2D7006CD026 /* en */ = {isa = PBXFileReference; lastKnownFileType = text.plist.strings; name = en; path = en.lproj/InfoPlist.strings; sourceTree = "<group>"; };
		2428D84719C3F2D7006CD026 /* ToDoList_ProjectTests.m */ = {isa = PBXFileReference; lastKnownFileType = sourcecode.c.objc; path = ToDoList_ProjectTests.m; sourceTree = "<group>"; };
		2428D85119C3F309006CD026 /* ListTheItemTableViewController.h */ = {isa = PBXFileReference; fileEncoding = 4; lastKnownFileType = sourcecode.c.h; name = ListTheItemTableViewController.h; path = ../../ListTheItemTableViewController.h; sourceTree = "<group>"; };
		2428D85219C3F309006CD026 /* ListTheItemTableViewController.m */ = {isa = PBXFileReference; fileEncoding = 4; lastKnownFileType = sourcecode.c.objc; name = ListTheItemTableViewController.m; path = ../../ListTheItemTableViewController.m; sourceTree = "<group>"; };
		2428D85319C3F309006CD026 /* ListTheItemTableViewController.xib */ = {isa = PBXFileReference; fileEncoding = 4; lastKnownFileType = file.xib; name = ListTheItemTableViewController.xib; path = ../../ListTheItemTableViewController.xib; sourceTree = "<group>"; };
		2428D85619C3F3D7006CD026 /* Model_ListTheItem.h */ = {isa = PBXFileReference; fileEncoding = 4; lastKnownFileType = sourcecode.c.h; path = Model_ListTheItem.h; sourceTree = "<group>"; };
		2428D85719C3F3D7006CD026 /* Model_ListTheItem.m */ = {isa = PBXFileReference; fileEncoding = 4; lastKnownFileType = sourcecode.c.objc; path = Model_ListTheItem.m; sourceTree = "<group>"; };
/* End PBXFileReference section */

/* Begin PBXFrameworksBuildPhase section */
		2428D81C19C3F2D7006CD026 /* Frameworks */ = {
			isa = PBXFrameworksBuildPhase;
			buildActionMask = 2147483647;
			files = (
				2428D82519C3F2D7006CD026 /* CoreGraphics.framework in Frameworks */,
				2428D82719C3F2D7006CD026 /* UIKit.framework in Frameworks */,
				2428D82319C3F2D7006CD026 /* Foundation.framework in Frameworks */,
			);
			runOnlyForDeploymentPostprocessing = 0;
		};
		2428D83719C3F2D7006CD026 /* Frameworks */ = {
			isa = PBXFrameworksBuildPhase;
			buildActionMask = 2147483647;
			files = (
				2428D83C19C3F2D7006CD026 /* XCTest.framework in Frameworks */,
				2428D83E19C3F2D7006CD026 /* UIKit.framework in Frameworks */,
				2428D83D19C3F2D7006CD026 /* Foundation.framework in Frameworks */,
			);
			runOnlyForDeploymentPostprocessing = 0;
		};
/* End PBXFrameworksBuildPhase section */

/* Begin PBXGroup section */
		2428D81619C3F2D7006CD026 = {
			isa = PBXGroup;
			children = (
				2428D82819C3F2D7006CD026 /* ToDoList_Project */,
				2428D84119C3F2D7006CD026 /* ToDoList_ProjectTests */,
				2428D82119C3F2D7006CD026 /* Frameworks */,
				2428D82019C3F2D7006CD026 /* Products */,
			);
			sourceTree = "<group>";
		};
		2428D82019C3F2D7006CD026 /* Products */ = {
			isa = PBXGroup;
			children = (
				2428D81F19C3F2D7006CD026 /* ToDoList_Project.app */,
				2428D83A19C3F2D7006CD026 /* ToDoList_ProjectTests.xctest */,
			);
			name = Products;
			sourceTree = "<group>";
		};
		2428D82119C3F2D7006CD026 /* Frameworks */ = {
			isa = PBXGroup;
			children = (
				2428D82219C3F2D7006CD026 /* Foundation.framework */,
				2428D82419C3F2D7006CD026 /* CoreGraphics.framework */,
				2428D82619C3F2D7006CD026 /* UIKit.framework */,
				2428D83B19C3F2D7006CD026 /* XCTest.framework */,
			);
			name = Frameworks;
			sourceTree = "<group>";
		};
		2428D82819C3F2D7006CD026 /* ToDoList_Project */ = {
			isa = PBXGroup;
			children = (
				2428D83119C3F2D7006CD026 /* AppDelegate.h */,
				2428D83219C3F2D7006CD026 /* AppDelegate.m */,
				2428D85119C3F309006CD026 /* ListTheItemTableViewController.h */,
				2428D85219C3F309006CD026 /* ListTheItemTableViewController.m */,
				2428D85319C3F309006CD026 /* ListTheItemTableViewController.xib */,
				2428D85619C3F3D7006CD026 /* Model_ListTheItem.h */,
				2428D85719C3F3D7006CD026 /* Model_ListTheItem.m */,
				2428D83419C3F2D7006CD026 /* Images.xcassets */,
				2428D82919C3F2D7006CD026 /* Supporting Files */,
			);
			path = ToDoList_Project;
			sourceTree = "<group>";
		};
		2428D82919C3F2D7006CD026 /* Supporting Files */ = {
			isa = PBXGroup;
			children = (
				2428D82A19C3F2D7006CD026 /* ToDoList_Project-Info.plist */,
				2428D82B19C3F2D7006CD026 /* InfoPlist.strings */,
				2428D82E19C3F2D7006CD026 /* main.m */,
				2428D83019C3F2D7006CD026 /* ToDoList_Project-Prefix.pch */,
			);
			name = "Supporting Files";
			sourceTree = "<group>";
		};
		2428D84119C3F2D7006CD026 /* ToDoList_ProjectTests */ = {
			isa = PBXGroup;
			children = (
				2428D84719C3F2D7006CD026 /* ToDoList_ProjectTests.m */,
				2428D84219C3F2D7006CD026 /* Supporting Files */,
			);
			path = ToDoList_ProjectTests;
			sourceTree = "<group>";
		};
		2428D84219C3F2D7006CD026 /* Supporting Files */ = {
			isa = PBXGroup;
			children = (
				2428D84319C3F2D7006CD026 /* ToDoList_ProjectTests-Info.plist */,
				2428D84419C3F2D7006CD026 /* InfoPlist.strings */,
			);
			name = "Supporting Files";
			sourceTree = "<group>";
		};
/* End PBXGroup section */

/* Begin PBXNativeTarget section */
		2428D81E19C3F2D7006CD026 /* ToDoList_Project */ = {
			isa = PBXNativeTarget;
			buildConfigurationList = 2428D84B19C3F2D7006CD026 /* Build configuration list for PBXNativeTarget "ToDoList_Project" */;
			buildPhases = (
				2428D81B19C3F2D7006CD026 /* Sources */,
				2428D81C19C3F2D7006CD026 /* Frameworks */,
				2428D81D19C3F2D7006CD026 /* Resources */,
			);
			buildRules = (
			);
			dependencies = (
			);
			name = ToDoList_Project;
			productName = ToDoList_Project;
			productReference = 2428D81F19C3F2D7006CD026 /* ToDoList_Project.app */;
			productType = "com.apple.product-type.application";
		};
		2428D83919C3F2D7006CD026 /* ToDoList_ProjectTests */ = {
			isa = PBXNativeTarget;
			buildConfigurationList = 2428D84E19C3F2D7006CD026 /* Build configuration list for PBXNativeTarget "ToDoList_ProjectTests" */;
			buildPhases = (
				2428D83619C3F2D7006CD026 /* Sources */,
				2428D83719C3F2D7006CD026 /* Frameworks */,
				2428D83819C3F2D7006CD026 /* Resources */,
			);
			buildRules = (
			);
			dependencies = (
				2428D84019C3F2D7006CD026 /* PBXTargetDependency */,
			);
			name = ToDoList_ProjectTests;
			productName = ToDoList_ProjectTests;
			productReference = 2428D83A19C3F2D7006CD026 /* ToDoList_ProjectTests.xctest */;
			productType = "com.apple.product-type.bundle.unit-test";
		};
/* End PBXNativeTarget section */

/* Begin PBXProject section */
		2428D81719C3F2D7006CD026 /* Project object */ = {
			isa = PBXProject;
			attributes = {
				LastUpgradeCheck = 0510;
				ORGANIZATIONNAME = BSAU;
				TargetAttributes = {
					2428D83919C3F2D7006CD026 = {
						TestTargetID = 2428D81E19C3F2D7006CD026;
					};
				};
			};
			buildConfigurationList = 2428D81A19C3F2D7006CD026 /* Build configuration list for PBXProject "ToDoList_Project" */;
			compatibilityVersion = "Xcode 3.2";
			developmentRegion = English;
			hasScannedForEncodings = 0;
			knownRegions = (
				en,
			);
			mainGroup = 2428D81619C3F2D7006CD026;
			productRefGroup = 2428D82019C3F2D7006CD026 /* Products */;
			projectDirPath = "";
			projectRoot = "";
			targets = (
				2428D81E19C3F2D7006CD026 /* ToDoList_Project */,
				2428D83919C3F2D7006CD026 /* ToDoList_ProjectTests */,
			);
		};
/* End PBXProject section */

/* Begin PBXResourcesBuildPhase section */
		2428D81D19C3F2D7006CD026 /* Resources */ = {
			isa = PBXResourcesBuildPhase;
			buildActionMask = 2147483647;
			files = (
				2428D82D19C3F2D7006CD026 /* InfoPlist.strings in Resources */,
				2428D83519C3F2D7006CD026 /* Images.xcassets in Resources */,
				2428D85519C3F309006CD026 /* ListTheItemTableViewController.xib in Resources */,
			);
			runOnlyForDeploymentPostprocessing = 0;
		};
		2428D83819C3F2D7006CD026 /* Resources */ = {
			isa = PBXResourcesBuildPhase;
			buildActionMask = 2147483647;
			files = (
				2428D84619C3F2D7006CD026 /* InfoPlist.strings in Resources */,
			);
			runOnlyForDeploymentPostprocessing = 0;
		};
/* End PBXResourcesBuildPhase section */

/* Begin PBXSourcesBuildPhase section */
		2428D81B19C3F2D7006CD026 /* Sources */ = {
			isa = PBXSourcesBuildPhase;
			buildActionMask = 2147483647;
			files = (
				2428D85419C3F309006CD026 /* ListTheItemTableViewController.m in Sources */,
				2428D83319C3F2D7006CD026 /* AppDelegate.m in Sources */,
				2428D85819C3F3D7006CD026 /* Model_ListTheItem.m in Sources */,
				2428D82F19C3F2D7006CD026 /* main.m in Sources */,
			);
			runOnlyForDeploymentPostprocessing = 0;
		};
		2428D83619C3F2D7006CD026 /* Sources */ = {
			isa = PBXSourcesBuildPhase;
			buildActionMask = 2147483647;
			files = (
				2428D84819C3F2D7006CD026 /* ToDoList_ProjectTests.m in Sources */,
			);
			runOnlyForDeploymentPostprocessing = 0;
		};
/* End PBXSourcesBuildPhase section */

/* Begin PBXTargetDependency section */
		2428D84019C3F2D7006CD026 /* PBXTargetDependency */ = {
			isa = PBXTargetDependency;
			target = 2428D81E19C3F2D7006CD026 /* ToDoList_Project */;
			targetProxy = 2428D83F19C3F2D7006CD026 /* PBXContainerItemProxy */;
		};
/* End PBXTargetDependency section */

/* Begin PBXVariantGroup section */
		2428D82B19C3F2D7006CD026 /* InfoPlist.strings */ = {
			isa = PBXVariantGroup;
			children = (
				2428D82C19C3F2D7006CD026 /* en */,
			);
			name = InfoPlist.strings;
			sourceTree = "<group>";
		};
		2428D84419C3F2D7006CD026 /* InfoPlist.strings */ = {
			isa = PBXVariantGroup;
			children = (
				2428D84519C3F2D7006CD026 /* en */,
			);
			name = InfoPlist.strings;
			sourceTree = "<group>";
		};
/* End PBXVariantGroup section */

/* Begin XCBuildConfiguration section */
		2428D84919C3F2D7006CD026 /* Debug */ = {
			isa = XCBuildConfiguration;
			buildSettings = {
				ALWAYS_SEARCH_USER_PATHS = NO;
				CLANG_CXX_LANGUAGE_STANDARD = "gnu++0x";
				CLANG_CXX_LIBRARY = "libc++";
				CLANG_ENABLE_MODULES = YES;
				CLANG_ENABLE_OBJC_ARC = YES;
				CLANG_WARN_BOOL_CONVERSION = YES;
				CLANG_WARN_CONSTANT_CONVERSION = YES;
				CLANG_WARN_DIRECT_OBJC_ISA_USAGE = YES_ERROR;
				CLANG_WARN_EMPTY_BODY = YES;
				CLANG_WARN_ENUM_CONVERSION = YES;
				CLANG_WARN_INT_CONVERSION = YES;
				CLANG_WARN_OBJC_ROOT_CLASS = YES_ERROR;
				CLANG_WARN__DUPLICATE_METHOD_MATCH = YES;
				"CODE_SIGN_IDENTITY[sdk=iphoneos*]" = "iPhone Developer";
				COPY_PHASE_STRIP = NO;
				GCC_C_LANGUAGE_STANDARD = gnu99;
				GCC_DYNAMIC_NO_PIC = NO;
				GCC_OPTIMIZATION_LEVEL = 0;
				GCC_PREPROCESSOR_DEFINITIONS = (
					"DEBUG=1",
					"$(inherited)",
				);
				GCC_SYMBOLS_PRIVATE_EXTERN = NO;
				GCC_WARN_64_TO_32_BIT_CONVERSION = YES;
				GCC_WARN_ABOUT_RETURN_TYPE = YES_ERROR;
				GCC_WARN_UNDECLARED_SELECTOR = YES;
				GCC_WARN_UNINITIALIZED_AUTOS = YES_AGGRESSIVE;
				GCC_WARN_UNUSED_FUNCTION = YES;
				GCC_WARN_UNUSED_VARIABLE = YES;
				IPHONEOS_DEPLOYMENT_TARGET = 7.1;
				ONLY_ACTIVE_ARCH = YES;
				SDKROOT = iphoneos;
			};
			name = Debug;
		};
		2428D84A19C3F2D7006CD026 /* Release */ = {
			isa = XCBuildConfiguration;
			buildSettings = {
				ALWAYS_SEARCH_USER_PATHS = NO;
				CLANG_CXX_LANGUAGE_STANDARD = "gnu++0x";
				CLANG_CXX_LIBRARY = "libc++";
				CLANG_ENABLE_MODULES = YES;
				CLANG_ENABLE_OBJC_ARC = YES;
				CLANG_WARN_BOOL_CONVERSION = YES;
				CLANG_WARN_CONSTANT_CONVERSION = YES;
				CLANG_WARN_DIRECT_OBJC_ISA_USAGE = YES_ERROR;
				CLANG_WARN_EMPTY_BODY = YES;
				CLANG_WARN_ENUM_CONVERSION = YES;
				CLANG_WARN_INT_CONVERSION = YES;
				CLANG_WARN_OBJC_ROOT_CLASS = YES_ERROR;
				CLANG_WARN__DUPLICATE_METHOD_MATCH = YES;
				"CODE_SIGN_IDENTITY[sdk=iphoneos*]" = "iPhone Developer";
				COPY_PHASE_STRIP = YES;
				ENABLE_NS_ASSERTIONS = NO;
				GCC_C_LANGUAGE_STANDARD = gnu99;
				GCC_WARN_64_TO_32_BIT_CONVERSION = YES;
				GCC_WARN_ABOUT_RETURN_TYPE = YES_ERROR;
				GCC_WARN_UNDECLARED_SELECTOR = YES;
				GCC_WARN_UNINITIALIZED_AUTOS = YES_AGGRESSIVE;
				GCC_WARN_UNUSED_FUNCTION = YES;
				GCC_WARN_UNUSED_VARIABLE = YES;
				IPHONEOS_DEPLOYMENT_TARGET = 7.1;
				SDKROOT = iphoneos;
				VALIDATE_PRODUCT = YES;
			};
			name = Release;
		};
		2428D84C19C3F2D7006CD026 /* Debug */ = {
			isa = XCBuildConfiguration;
			buildSettings = {
				ASSETCATALOG_COMPILER_APPICON_NAME = AppIcon;
				ASSETCATALOG_COMPILER_LAUNCHIMAGE_NAME = LaunchImage;
				GCC_PRECOMPILE_PREFIX_HEADER = YES;
				GCC_PREFIX_HEADER = "ToDoList_Project/ToDoList_Project-Prefix.pch";
				INFOPLIST_FILE = "ToDoList_Project/ToDoList_Project-Info.plist";
				PRODUCT_NAME = "$(TARGET_NAME)";
				WRAPPER_EXTENSION = app;
			};
			name = Debug;
		};
		2428D84D19C3F2D7006CD026 /* Release */ = {
			isa = XCBuildConfiguration;
			buildSettings = {
				ASSETCATALOG_COMPILER_APPICON_NAME = AppIcon;
				ASSETCATALOG_COMPILER_LAUNCHIMAGE_NAME = LaunchImage;
				GCC_PRECOMPILE_PREFIX_HEADER = YES;
				GCC_PREFIX_HEADER = "ToDoList_Project/ToDoList_Project-Prefix.pch";
				INFOPLIST_FILE = "ToDoList_Project/ToDoList_Project-Info.plist";
				PRODUCT_NAME = "$(TARGET_NAME)";
				WRAPPER_EXTENSION = app;
			};
			name = Release;
		};
		2428D84F19C3F2D7006CD026 /* Debug */ = {
			isa = XCBuildConfiguration;
			buildSettings = {
				BUNDLE_LOADER = "$(BUILT_PRODUCTS_DIR)/ToDoList_Project.app/ToDoList_Project";
				FRAMEWORK_SEARCH_PATHS = (
					"$(SDKROOT)/Developer/Library/Frameworks",
					"$(inherited)",
					"$(DEVELOPER_FRAMEWORKS_DIR)",
				);
				GCC_PRECOMPILE_PREFIX_HEADER = YES;
				GCC_PREFIX_HEADER = "ToDoList_Project/ToDoList_Project-Prefix.pch";
				GCC_PREPROCESSOR_DEFINITIONS = (
					"DEBUG=1",
					"$(inherited)",
				);
				INFOPLIST_FILE = "ToDoList_ProjectTests/ToDoList_ProjectTests-Info.plist";
				PRODUCT_NAME = "$(TARGET_NAME)";
				TEST_HOST = "$(BUNDLE_LOADER)";
				WRAPPER_EXTENSION = xctest;
			};
			name = Debug;
		};
		2428D85019C3F2D7006CD026 /* Release */ = {
			isa = XCBuildConfiguration;
			buildSettings = {
				BUNDLE_LOADER = "$(BUILT_PRODUCTS_DIR)/ToDoList_Project.app/ToDoList_Project";
				FRAMEWORK_SEARCH_PATHS = (
					"$(SDKROOT)/Developer/Library/Frameworks",
					"$(inherited)",
					"$(DEVELOPER_FRAMEWORKS_DIR)",
				);
				GCC_PRECOMPILE_PREFIX_HEADER = YES;
				GCC_PREFIX_HEADER = "ToDoList_Project/ToDoList_Project-Prefix.pch";
				INFOPLIST_FILE = "ToDoList_ProjectTests/ToDoList_ProjectTests-Info.plist";
				PRODUCT_NAME = "$(TARGET_NAME)";
				TEST_HOST = "$(BUNDLE_LOADER)";
				WRAPPER_EXTENSION = xctest;
			};
			name = Release;
		};
/* End XCBuildConfiguration section */

/* Begin XCConfigurationList section */
		2428D81A19C3F2D7006CD026 /* Build configuration list for PBXProject "ToDoList_Project" */ = {
			isa = XCConfigurationList;
			buildConfigurations = (
				2428D84919C3F2D7006CD026 /* Debug */,
				2428D84A19C3F2D7006CD026 /* Release */,
			);
			defaultConfigurationIsVisible = 0;
			defaultConfigurationName = Release;
		};
		2428D84B19C3F2D7006CD026 /* Build configuration list for PBXNativeTarget "ToDoList_Project" */ = {
			isa = XCConfigurationList;
			buildConfigurations = (
				2428D84C19C3F2D7006CD026 /* Debug */,
				2428D84D19C3F2D7006CD026 /* Release */,
			);
			defaultConfigurationIsVisible = 0;
		};
		2428D84E19C3F2D7006CD026 /* Build configuration list for PBXNativeTarget "ToDoList_ProjectTests" */ = {
			isa = XCConfigurationList;
			buildConfigurations = (
				2428D84F19C3F2D7006CD026 /* Debug */,
				2428D85019C3F2D7006CD026 /* Release */,
			);
			defaultConfigurationIsVisible = 0;
		};
/* End XCConfigurationList section */
	};
	rootObject = 2428D81719C3F2D7006CD026 /* Project object */;
}
